
Microsoft Visual Studio Solution File, Format Version 12.00
# Visual Studio Version 16
VisualStudioVersion = 16.0.30717.126
MinimumVisualStudioVersion = 10.0.40219.1
Project("{8BC9CEB8-8B4A-11D0-8D11-00A0C91BC942}") = "QWorking", "QWorking.vcxproj", "{46643B5C-F28A-498F-8729-F459352E82C7}"
EndProject
Global
	GlobalSection(SolutionConfigurationPlatforms) = preSolution
		Debug|x64 = Debug|x64
		Release|x64 = Release|x64
	EndGlobalSection
	GlobalSection(ProjectConfigurationPlatforms) = postSolution
		{46643B5C-F28A-498F-8729-F459352E82C7}.Debug|x64.ActiveCfg = Debug|x64
		{46643B5C-F28A-498F-8729-F459352E82C7}.Debug|x64.Build.0 = Debug|x64
		{46643B5C-F28A-498F-8729-F459352E82C7}.Release|x64.ActiveCfg = Release|x64
		{46643B5C-F28A-498F-8729-F459352E82C7}.Release|x64.Build.0 = Release|x64
	EndGlobalSection
	GlobalSection(SolutionProperties) = preSolution
		HideSolutionNode = FALSE
	EndGlobalSection
	GlobalSection(ExtensibilityGlobals) = postSolution
		SolutionGuid = {D2D44BD9-5A86-4A21-8BD3-4C60CB9ACAE3}
	EndGlobalSection
EndGlobal
